
Microsoft Visual Studio Solution File, Format Version 12.00
# Visual Studio Version 16
VisualStudioVersion = 16.0.30907.101
MinimumVisualStudioVersion = 10.0.40219.1
Project("{8BC9CEB8-8B4A-11D0-8D11-00A0C91BC942}") = "InterpolSearch", "InterpolSearch\InterpolSearch.vcxproj", "{12EB2F65-7D15-4FF8-BC13-C2C48B7F8C55}"
EndProject
Project("{8BC9CEB8-8B4A-11D0-8D11-00A0C91BC942}") = "BinarySearchTree", "BinarySearchTree\BinarySearchTree.vcxproj", "{496FFCEA-37C0-4822-A8D5-B5931FD51E3F}"
EndProject
Project("{8BC9CEB8-8B4A-11D0-8D11-00A0C91BC942}") = "BinarySearchTree2", "BinarySearchTree2\BinarySearchTree2.vcxproj", "{A735B08E-7190-4E22-9B09-4A02D1B681EC}"
EndProject
Global
	GlobalSection(SolutionConfigurationPlatforms) = preSolution
		Debug|x64 = Debug|x64
		Debug|x86 = Debug|x86
		Release|x64 = Release|x64
		Release|x86 = Release|x86
	EndGlobalSection
	GlobalSection(ProjectConfigurationPlatforms) = postSolution
		{12EB2F65-7D15-4FF8-BC13-C2C48B7F8C55}.Debug|x64.ActiveCfg = Debug|x64
		{12EB2F65-7D15-4FF8-BC13-C2C48B7F8C55}.Debug|x64.Build.0 = Debug|x64
		{12EB2F65-7D15-4FF8-BC13-C2C48B7F8C55}.Debug|x86.ActiveCfg = Debug|Win32
		{12EB2F65-7D15-4FF8-BC13-C2C48B7F8C55}.Debug|x86.Build.0 = Debug|Win32
		{12EB2F65-7D15-4FF8-BC13-C2C48B7F8C55}.Release|x64.ActiveCfg = Release|x64
		{12EB2F65-7D15-4FF8-BC13-C2C48B7F8C55}.Release|x64.Build.0 = Release|x64
		{12EB2F65-7D15-4FF8-BC13-C2C48B7F8C55}.Release|x86.ActiveCfg = Release|Win32
		{12EB2F65-7D15-4FF8-BC13-C2C48B7F8C55}.Release|x86.Build.0 = Release|Win32
		{496FFCEA-37C0-4822-A8D5-B5931FD51E3F}.Debug|x64.ActiveCfg = Debug|x64
		{496FFCEA-37C0-4822-A8D5-B5931FD51E3F}.Debug|x64.Build.0 = Debug|x64
		{496FFCEA-37C0-4822-A8D5-B5931FD51E3F}.Debug|x86.ActiveCfg = Debug|Win32
		{496FFCEA-37C0-4822-A8D5-B5931FD51E3F}.Debug|x86.Build.0 = Debug|Win32
		{496FFCEA-37C0-4822-A8D5-B5931FD51E3F}.Release|x64.ActiveCfg = Release|x64
		{496FFCEA-37C0-4822-A8D5-B5931FD51E3F}.Release|x64.Build.0 = Release|x64
		{496FFCEA-37C0-4822-A8D5-B5931FD51E3F}.Release|x86.ActiveCfg = Release|Win32
		{496FFCEA-37C0-4822-A8D5-B5931FD51E3F}.Release|x86.Build.0 = Release|Win32
		{A735B08E-7190-4E22-9B09-4A02D1B681EC}.Debug|x64.ActiveCfg = Debug|x64
		{A735B08E-7190-4E22-9B09-4A02D1B681EC}.Debug|x64.Build.0 = Debug|x64
		{A735B08E-7190-4E22-9B09-4A02D1B681EC}.Debug|x86.ActiveCfg = Debug|Win32
		{A735B08E-7190-4E22-9B09-4A02D1B681EC}.Debug|x86.Build.0 = Debug|Win32
		{A735B08E-7190-4E22-9B09-4A02D1B681EC}.Release|x64.ActiveCfg = Release|x64
		{A735B08E-7190-4E22-9B09-4A02D1B681EC}.Release|x64.Build.0 = Release|x64
		{A735B08E-7190-4E22-9B09-4A02D1B681EC}.Release|x86.ActiveCfg = Release|Win32
		{A735B08E-7190-4E22-9B09-4A02D1B681EC}.Release|x86.Build.0 = Release|Win32
	EndGlobalSection
	GlobalSection(SolutionProperties) = preSolution
		HideSolutionNode = FALSE
	EndGlobalSection
	GlobalSection(ExtensibilityGlobals) = postSolution
		SolutionGuid = {7FDF519A-7AF0-4085-9031-6FCEC8903D01}
	EndGlobalSection
EndGlobal
